
Microsoft Visual Studio Solution File, Format Version 12.00
# Visual Studio Version 17
VisualStudioVersion = 17.6.33815.320
MinimumVisualStudioVersion = 10.0.40219.1
Project("{FAE04EC0-301F-11D3-BF4B-00C04F79EFBC}") = "Phase3Section3.5", "Phase3Section3.5\Phase3Section3.5.csproj", "{65F65285-EB77-4756-8EB8-B8D8A9D3A028}"
EndProject
Global
	GlobalSection(SolutionConfigurationPlatforms) = preSolution
		Debug|Any CPU = Debug|Any CPU
		Release|Any CPU = Release|Any CPU
	EndGlobalSection
	GlobalSection(ProjectConfigurationPlatforms) = postSolution
		{65F65285-EB77-4756-8EB8-B8D8A9D3A028}.Debug|Any CPU.ActiveCfg = Debug|Any CPU
		{65F65285-EB77-4756-8EB8-B8D8A9D3A028}.Debug|Any CPU.Build.0 = Debug|Any CPU
		{65F65285-EB77-4756-8EB8-B8D8A9D3A028}.Release|Any CPU.ActiveCfg = Release|Any CPU
		{65F65285-EB77-4756-8EB8-B8D8A9D3A028}.Release|Any CPU.Build.0 = Release|Any CPU
	EndGlobalSection
	GlobalSection(SolutionProperties) = preSolution
		HideSolutionNode = FALSE
	EndGlobalSection
	GlobalSection(ExtensibilityGlobals) = postSolution
		SolutionGuid = {CBE72C7A-BD53-4348-AA9D-F91727248AB5}
	EndGlobalSection
EndGlobal
